
Microsoft Visual Studio Solution File, Format Version 11.00
# Visual C++ Express 2010
Project("{8BC9CEB8-8B4A-11D0-8D11-00A0C91BC942}") = "B033040009_2", "B033040009_2\B033040009_2.vcxproj", "{410CCCF2-FA3F-46AF-9AC2-BE078FE471D3}"
EndProject
Global
	GlobalSection(SolutionConfigurationPlatforms) = preSolution
		Debug|Win32 = Debug|Win32
		Release|Win32 = Release|Win32
	EndGlobalSection
	GlobalSection(ProjectConfigurationPlatforms) = postSolution
		{410CCCF2-FA3F-46AF-9AC2-BE078FE471D3}.Debug|Win32.ActiveCfg = Debug|Win32
		{410CCCF2-FA3F-46AF-9AC2-BE078FE471D3}.Debug|Win32.Build.0 = Debug|Win32
		{410CCCF2-FA3F-46AF-9AC2-BE078FE471D3}.Release|Win32.ActiveCfg = Release|Win32
		{410CCCF2-FA3F-46AF-9AC2-BE078FE471D3}.Release|Win32.Build.0 = Release|Win32
	EndGlobalSection
	GlobalSection(SolutionProperties) = preSolution
		HideSolutionNode = FALSE
	EndGlobalSection
EndGlobal
